
Microsoft Visual Studio Solution File, Format Version 12.00
# Visual Studio 15
VisualStudioVersion = 15.0.26730.16
MinimumVisualStudioVersion = 10.0.40219.1
Project("{FAE04EC0-301F-11D3-BF4B-00C04F79EFBC}") = "ChildMath.Android", "ChildMath\ChildMath.Android\ChildMath.Android.csproj", "{5329FE16-6E31-4569-AFCA-0E51E8885A99}"
EndProject
Project("{FAE04EC0-301F-11D3-BF4B-00C04F79EFBC}") = "ChildMath", "ChildMath\ChildMath\ChildMath.csproj", "{CA876153-4172-4DEF-8F31-C905AAFC752A}"
EndProject
Project("{FAE04EC0-301F-11D3-BF4B-00C04F79EFBC}") = "ChildMath.UWP", "ChildMath\ChildMath.UWP\ChildMath.UWP.csproj", "{E5D7494D-3A63-4225-8F3C-B7D57FCBAFE0}"
EndProject
Project("{FAE04EC0-301F-11D3-BF4B-00C04F79EFBC}") = "ChildMath.iOS", "ChildMath\ChildMath.iOS\ChildMath.iOS.csproj", "{D3B2F0D9-7B62-414A-99E2-40E720086E33}"
EndProject
Global
	GlobalSection(SolutionConfigurationPlatforms) = preSolution
		Ad-Hoc|Any CPU = Ad-Hoc|Any CPU
		Ad-Hoc|ARM = Ad-Hoc|ARM
		Ad-Hoc|iPhone = Ad-Hoc|iPhone
		Ad-Hoc|iPhoneSimulator = Ad-Hoc|iPhoneSimulator
		Ad-Hoc|x64 = Ad-Hoc|x64
		Ad-Hoc|x86 = Ad-Hoc|x86
		AppStore|Any CPU = AppStore|Any CPU
		AppStore|ARM = AppStore|ARM
		AppStore|iPhone = AppStore|iPhone
		AppStore|iPhoneSimulator = AppStore|iPhoneSimulator
		AppStore|x64 = AppStore|x64
		AppStore|x86 = AppStore|x86
		Debug|Any CPU = Debug|Any CPU
		Debug|ARM = Debug|ARM
		Debug|iPhone = Debug|iPhone
		Debug|iPhoneSimulator = Debug|iPhoneSimulator
		Debug|x64 = Debug|x64
		Debug|x86 = Debug|x86
		Release|Any CPU = Release|Any CPU
		Release|ARM = Release|ARM
		Release|iPhone = Release|iPhone
		Release|iPhoneSimulator = Release|iPhoneSimulator
		Release|x64 = Release|x64
		Release|x86 = Release|x86
	EndGlobalSection
	GlobalSection(ProjectConfigurationPlatforms) = postSolution
		{5329FE16-6E31-4569-AFCA-0E51E8885A99}.Ad-Hoc|Any CPU.ActiveCfg = Release|Any CPU
		{5329FE16-6E31-4569-AFCA-0E51E8885A99}.Ad-Hoc|Any CPU.Build.0 = Release|Any CPU
		{5329FE16-6E31-4569-AFCA-0E51E8885A99}.Ad-Hoc|Any CPU.Deploy.0 = Release|Any CPU
		{5329FE16-6E31-4569-AFCA-0E51E8885A99}.Ad-Hoc|ARM.ActiveCfg = Release|Any CPU
		{5329FE16-6E31-4569-AFCA-0E51E8885A99}.Ad-Hoc|ARM.Build.0 = Release|Any CPU
		{5329FE16-6E31-4569-AFCA-0E51E8885A99}.Ad-Hoc|ARM.Deploy.0 = Release|Any CPU
		{5329FE16-6E31-4569-AFCA-0E51E8885A99}.Ad-Hoc|iPhone.ActiveCfg = Release|Any CPU
		{5329FE16-6E31-4569-AFCA-0E51E8885A99}.Ad-Hoc|iPhone.Build.0 = Release|Any CPU
		{5329FE16-6E31-4569-AFCA-0E51E8885A99}.Ad-Hoc|iPhone.Deploy.0 = Release|Any CPU
		{5329FE16-6E31-4569-AFCA-0E51E8885A99}.Ad-Hoc|iPhoneSimulator.ActiveCfg = Release|Any CPU
		{5329FE16-6E31-4569-AFCA-0E51E8885A99}.Ad-Hoc|iPhoneSimulator.Build.0 = Release|Any CPU
		{5329FE16-6E31-4569-AFCA-0E51E8885A99}.Ad-Hoc|iPhoneSimulator.Deploy.0 = Release|Any CPU
		{5329FE16-6E31-4569-AFCA-0E51E8885A99}.Ad-Hoc|x64.ActiveCfg = Release|Any CPU
		{5329FE16-6E31-4569-AFCA-0E51E8885A99}.Ad-Hoc|x64.Build.0 = Release|Any CPU
		{5329FE16-6E31-4569-AFCA-0E51E8885A99}.Ad-Hoc|x64.Deploy.0 = Release|Any CPU
		{5329FE16-6E31-4569-AFCA-0E51E8885A99}.Ad-Hoc|x86.ActiveCfg = Release|Any CPU
		{5329FE16-6E31-4569-AFCA-0E51E8885A99}.Ad-Hoc|x86.Build.0 = Release|Any CPU
		{5329FE16-6E31-4569-AFCA-0E51E8885A99}.Ad-Hoc|x86.Deploy.0 = Release|Any CPU
		{5329FE16-6E31-4569-AFCA-0E51E8885A99}.AppStore|Any CPU.ActiveCfg = Release|Any CPU
		{5329FE16-6E31-4569-AFCA-0E51E8885A99}.AppStore|Any CPU.Build.0 = Release|Any CPU
		{5329FE16-6E31-4569-AFCA-0E51E8885A99}.AppStore|Any CPU.Deploy.0 = Release|Any CPU
		{5329FE16-6E31-4569-AFCA-0E51E8885A99}.AppStore|ARM.ActiveCfg = Release|Any CPU
		{5329FE16-6E31-4569-AFCA-0E51E8885A99}.AppStore|ARM.Build.0 = Release|Any CPU
		{5329FE16-6E31-4569-AFCA-0E51E8885A99}.AppStore|ARM.Deploy.0 = Release|Any CPU
		{5329FE16-6E31-4569-AFCA-0E51E8885A99}.AppStore|iPhone.ActiveCfg = Release|Any CPU
		{5329FE16-6E31-4569-AFCA-0E51E8885A99}.AppStore|iPhone.Build.0 = Release|Any CPU
		{5329FE16-6E31-4569-AFCA-0E51E8885A99}.AppStore|iPhone.Deploy.0 = Release|Any CPU
		{5329FE16-6E31-4569-AFCA-0E51E8885A99}.AppStore|iPhoneSimulator.ActiveCfg = Release|Any CPU
		{5329FE16-6E31-4569-AFCA-0E51E8885A99}.AppStore|iPhoneSimulator.Build.0 = Release|Any CPU
		{5329FE16-6E31-4569-AFCA-0E51E8885A99}.AppStore|iPhoneSimulator.Deploy.0 = Release|Any CPU
		{5329FE16-6E31-4569-AFCA-0E51E8885A99}.AppStore|x64.ActiveCfg = Release|Any CPU
		{5329FE16-6E31-4569-AFCA-0E51E8885A99}.AppStore|x64.Build.0 = Release|Any CPU
		{5329FE16-6E31-4569-AFCA-0E51E8885A99}.AppStore|x64.Deploy.0 = Release|Any CPU
		{5329FE16-6E31-4569-AFCA-0E51E8885A99}.AppStore|x86.ActiveCfg = Release|Any CPU
		{5329FE16-6E31-4569-AFCA-0E51E8885A99}.AppStore|x86.Build.0 = Release|Any CPU
		{5329FE16-6E31-4569-AFCA-0E51E8885A99}.AppStore|x86.Deploy.0 = Release|Any CPU
		{5329FE16-6E31-4569-AFCA-0E51E8885A99}.Debug|Any CPU.ActiveCfg = Debug|Any CPU
		{5329FE16-6E31-4569-AFCA-0E51E8885A99}.Debug|Any CPU.Build.0 = Debug|Any CPU
		{5329FE16-6E31-4569-AFCA-0E51E8885A99}.Debug|Any CPU.Deploy.0 = Debug|Any CPU
		{5329FE16-6E31-4569-AFCA-0E51E8885A99}.Debug|ARM.ActiveCfg = Debug|Any CPU
		{5329FE16-6E31-4569-AFCA-0E51E8885A99}.Debug|ARM.Build.0 = Debug|Any CPU
		{5329FE16-6E31-4569-AFCA-0E51E8885A99}.Debug|ARM.Deploy.0 = Debug|Any CPU
		{5329FE16-6E31-4569-AFCA-0E51E8885A99}.Debug|iPhone.ActiveCfg = Debug|Any CPU
		{5329FE16-6E31-4569-AFCA-0E51E8885A99}.Debug|iPhone.Build.0 = Debug|Any CPU
		{5329FE16-6E31-4569-AFCA-0E51E8885A99}.Debug|iPhone.Deploy.0 = Debug|Any CPU
		{5329FE16-6E31-4569-AFCA-0E51E8885A99}.Debug|iPhoneSimulator.ActiveCfg = Debug|Any CPU
		{5329FE16-6E31-4569-AFCA-0E51E8885A99}.Debug|iPhoneSimulator.Build.0 = Debug|Any CPU
		{5329FE16-6E31-4569-AFCA-0E51E8885A99}.Debug|iPhoneSimulator.Deploy.0 = Debug|Any CPU
		{5329FE16-6E31-4569-AFCA-0E51E8885A99}.Debug|x64.ActiveCfg = Debug|Any CPU
		{5329FE16-6E31-4569-AFCA-0E51E8885A99}.Debug|x64.Build.0 = Debug|Any CPU
		{5329FE16-6E31-4569-AFCA-0E51E8885A99}.Debug|x64.Deploy.0 = Debug|Any CPU
		{5329FE16-6E31-4569-AFCA-0E51E8885A99}.Debug|x86.ActiveCfg = Debug|Any CPU
		{5329FE16-6E31-4569-AFCA-0E51E8885A99}.Debug|x86.Build.0 = Debug|Any CPU
		{5329FE16-6E31-4569-AFCA-0E51E8885A99}.Debug|x86.Deploy.0 = Debug|Any CPU
		{5329FE16-6E31-4569-AFCA-0E51E8885A99}.Release|Any CPU.ActiveCfg = Release|Any CPU
		{5329FE16-6E31-4569-AFCA-0E51E8885A99}.Release|Any CPU.Build.0 = Release|Any CPU
		{5329FE16-6E31-4569-AFCA-0E51E8885A99}.Release|Any CPU.Deploy.0 = Release|Any CPU
		{5329FE16-6E31-4569-AFCA-0E51E8885A99}.Release|ARM.ActiveCfg = Release|Any CPU
		{5329FE16-6E31-4569-AFCA-0E51E8885A99}.Release|ARM.Build.0 = Release|Any CPU
		{5329FE16-6E31-4569-AFCA-0E51E8885A99}.Release|ARM.Deploy.0 = Release|Any CPU
		{5329FE16-6E31-4569-AFCA-0E51E8885A99}.Release|iPhone.ActiveCfg = Release|Any CPU
		{5329FE16-6E31-4569-AFCA-0E51E8885A99}.Release|iPhone.Build.0 = Release|Any CPU
		{5329FE16-6E31-4569-AFCA-0E51E8885A99}.Release|iPhone.Deploy.0 = Release|Any CPU
		{5329FE16-6E31-4569-AFCA-0E51E8885A99}.Release|iPhoneSimulator.ActiveCfg = Release|Any CPU
		{5329FE16-6E31-4569-AFCA-0E51E8885A99}.Release|iPhoneSimulator.Build.0 = Release|Any CPU
		{5329FE16-6E31-4569-AFCA-0E51E8885A99}.Release|iPhoneSimulator.Deploy.0 = Release|Any CPU
		{5329FE16-6E31-4569-AFCA-0E51E8885A99}.Release|x64.ActiveCfg = Release|Any CPU
		{5329FE16-6E31-4569-AFCA-0E51E8885A99}.Release|x64.Build.0 = Release|Any CPU
		{5329FE16-6E31-4569-AFCA-0E51E8885A99}.Release|x64.Deploy.0 = Release|Any CPU
		{5329FE16-6E31-4569-AFCA-0E51E8885A99}.Release|x86.ActiveCfg = Release|Any CPU
		{5329FE16-6E31-4569-AFCA-0E51E8885A99}.Release|x86.Build.0 = Release|Any CPU
		{5329FE16-6E31-4569-AFCA-0E51E8885A99}.Release|x86.Deploy.0 = Release|Any CPU
		{CA876153-4172-4DEF-8F31-C905AAFC752A}.Ad-Hoc|Any CPU.ActiveCfg = Release|Any CPU
		{CA876153-4172-4DEF-8F31-C905AAFC752A}.Ad-Hoc|Any CPU.Build.0 = Release|Any CPU
		{CA876153-4172-4DEF-8F31-C905AAFC752A}.Ad-Hoc|ARM.ActiveCfg = Release|Any CPU
		{CA876153-4172-4DEF-8F31-C905AAFC752A}.Ad-Hoc|ARM.Build.0 = Release|Any CPU
		{CA876153-4172-4DEF-8F31-C905AAFC752A}.Ad-Hoc|iPhone.ActiveCfg = Release|Any CPU
		{CA876153-4172-4DEF-8F31-C905AAFC752A}.Ad-Hoc|iPhone.Build.0 = Release|Any CPU
		{CA876153-4172-4DEF-8F31-C905AAFC752A}.Ad-Hoc|iPhoneSimulator.ActiveCfg = Release|Any CPU
		{CA876153-4172-4DEF-8F31-C905AAFC752A}.Ad-Hoc|iPhoneSimulator.Build.0 = Release|Any CPU
		{CA876153-4172-4DEF-8F31-C905AAFC752A}.Ad-Hoc|x64.ActiveCfg = Release|Any CPU
		{CA876153-4172-4DEF-8F31-C905AAFC752A}.Ad-Hoc|x64.Build.0 = Release|Any CPU
		{CA876153-4172-4DEF-8F31-C905AAFC752A}.Ad-Hoc|x86.ActiveCfg = Release|Any CPU
		{CA876153-4172-4DEF-8F31-C905AAFC752A}.Ad-Hoc|x86.Build.0 = Release|Any CPU
		{CA876153-4172-4DEF-8F31-C905AAFC752A}.AppStore|Any CPU.ActiveCfg = Release|Any CPU
		{CA876153-4172-4DEF-8F31-C905AAFC752A}.AppStore|Any CPU.Build.0 = Release|Any CPU
		{CA876153-4172-4DEF-8F31-C905AAFC752A}.AppStore|ARM.ActiveCfg = Release|Any CPU
		{CA876153-4172-4DEF-8F31-C905AAFC752A}.AppStore|ARM.Build.0 = Release|Any CPU
		{CA876153-4172-4DEF-8F31-C905AAFC752A}.AppStore|iPhone.ActiveCfg = Release|Any CPU
		{CA876153-4172-4DEF-8F31-C905AAFC752A}.AppStore|iPhone.Build.0 = Release|Any CPU
		{CA876153-4172-4DEF-8F31-C905AAFC752A}.AppStore|iPhoneSimulator.ActiveCfg = Release|Any CPU
		{CA876153-4172-4DEF-8F31-C905AAFC752A}.AppStore|iPhoneSimulator.Build.0 = Release|Any CPU
		{CA876153-4172-4DEF-8F31-C905AAFC752A}.AppStore|x64.ActiveCfg = Release|Any CPU
		{CA876153-4172-4DEF-8F31-C905AAFC752A}.AppStore|x64.Build.0 = Release|Any CPU
		{CA876153-4172-4DEF-8F31-C905AAFC752A}.AppStore|x86.ActiveCfg = Release|Any CPU
		{CA876153-4172-4DEF-8F31-C905AAFC752A}.AppStore|x86.Build.0 = Release|Any CPU
		{CA876153-4172-4DEF-8F31-C905AAFC752A}.Debug|Any CPU.ActiveCfg = Debug|Any CPU
		{CA876153-4172-4DEF-8F31-C905AAFC752A}.Debug|Any CPU.Build.0 = Debug|Any CPU
		{CA876153-4172-4DEF-8F31-C905AAFC752A}.Debug|ARM.ActiveCfg = Debug|Any CPU
		{CA876153-4172-4DEF-8F31-C905AAFC752A}.Debug|ARM.Build.0 = Debug|Any CPU
		{CA876153-4172-4DEF-8F31-C905AAFC752A}.Debug|iPhone.ActiveCfg = Debug|Any CPU
		{CA876153-4172-4DEF-8F31-C905AAFC752A}.Debug|iPhone.Build.0 = Debug|Any CPU
		{CA876153-4172-4DEF-8F31-C905AAFC752A}.Debug|iPhoneSimulator.ActiveCfg = Debug|Any CPU
		{CA876153-4172-4DEF-8F31-C905AAFC752A}.Debug|iPhoneSimulator.Build.0 = Debug|Any CPU
		{CA876153-4172-4DEF-8F31-C905AAFC752A}.Debug|x64.ActiveCfg = Debug|Any CPU
		{CA876153-4172-4DEF-8F31-C905AAFC752A}.Debug|x64.Build.0 = Debug|Any CPU
		{CA876153-4172-4DEF-8F31-C905AAFC752A}.Debug|x86.ActiveCfg = Debug|Any CPU
		{CA876153-4172-4DEF-8F31-C905AAFC752A}.Debug|x86.Build.0 = Debug|Any CPU
		{CA876153-4172-4DEF-8F31-C905AAFC752A}.Release|Any CPU.ActiveCfg = Release|Any CPU
		{CA876153-4172-4DEF-8F31-C905AAFC752A}.Release|Any CPU.Build.0 = Release|Any CPU
		{CA876153-4172-4DEF-8F31-C905AAFC752A}.Release|ARM.ActiveCfg = Release|Any CPU
		{CA876153-4172-4DEF-8F31-C905AAFC752A}.Release|ARM.Build.0 = Release|Any CPU
		{CA876153-4172-4DEF-8F31-C905AAFC752A}.Release|iPhone.ActiveCfg = Release|Any CPU
		{CA876153-4172-4DEF-8F31-C905AAFC752A}.Release|iPhone.Build.0 = Release|Any CPU
		{CA876153-4172-4DEF-8F31-C905AAFC752A}.Release|iPhoneSimulator.ActiveCfg = Release|Any CPU
		{CA876153-4172-4DEF-8F31-C905AAFC752A}.Release|iPhoneSimulator.Build.0 = Release|Any CPU
		{CA876153-4172-4DEF-8F31-C905AAFC752A}.Release|x64.ActiveCfg = Release|Any CPU
		{CA876153-4172-4DEF-8F31-C905AAFC752A}.Release|x64.Build.0 = Release|Any CPU
		{CA876153-4172-4DEF-8F31-C905AAFC752A}.Release|x86.ActiveCfg = Release|Any CPU
		{CA876153-4172-4DEF-8F31-C905AAFC752A}.Release|x86.Build.0 = Release|Any CPU
		{E5D7494D-3A63-4225-8F3C-B7D57FCBAFE0}.Ad-Hoc|Any CPU.ActiveCfg = Release|x86
		{E5D7494D-3A63-4225-8F3C-B7D57FCBAFE0}.Ad-Hoc|Any CPU.Build.0 = Release|x86
		{E5D7494D-3A63-4225-8F3C-B7D57FCBAFE0}.Ad-Hoc|Any CPU.Deploy.0 = Release|x86
		{E5D7494D-3A63-4225-8F3C-B7D57FCBAFE0}.Ad-Hoc|ARM.ActiveCfg = Release|ARM
		{E5D7494D-3A63-4225-8F3C-B7D57FCBAFE0}.Ad-Hoc|ARM.Build.0 = Release|ARM
		{E5D7494D-3A63-4225-8F3C-B7D57FCBAFE0}.Ad-Hoc|ARM.Deploy.0 = Release|ARM
		{E5D7494D-3A63-4225-8F3C-B7D57FCBAFE0}.Ad-Hoc|iPhone.ActiveCfg = Release|x86
		{E5D7494D-3A63-4225-8F3C-B7D57FCBAFE0}.Ad-Hoc|iPhone.Build.0 = Release|x86
		{E5D7494D-3A63-4225-8F3C-B7D57FCBAFE0}.Ad-Hoc|iPhone.Deploy.0 = Release|x86
		{E5D7494D-3A63-4225-8F3C-B7D57FCBAFE0}.Ad-Hoc|iPhoneSimulator.ActiveCfg = Release|x86
		{E5D7494D-3A63-4225-8F3C-B7D57FCBAFE0}.Ad-Hoc|iPhoneSimulator.Build.0 = Release|x86
		{E5D7494D-3A63-4225-8F3C-B7D57FCBAFE0}.Ad-Hoc|iPhoneSimulator.Deploy.0 = Release|x86
		{E5D7494D-3A63-4225-8F3C-B7D57FCBAFE0}.Ad-Hoc|x64.ActiveCfg = Release|x64
		{E5D7494D-3A63-4225-8F3C-B7D57FCBAFE0}.Ad-Hoc|x64.Build.0 = Release|x64
		{E5D7494D-3A63-4225-8F3C-B7D57FCBAFE0}.Ad-Hoc|x64.Deploy.0 = Release|x64
		{E5D7494D-3A63-4225-8F3C-B7D57FCBAFE0}.Ad-Hoc|x86.ActiveCfg = Release|x86
		{E5D7494D-3A63-4225-8F3C-B7D57FCBAFE0}.Ad-Hoc|x86.Build.0 = Release|x86
		{E5D7494D-3A63-4225-8F3C-B7D57FCBAFE0}.Ad-Hoc|x86.Deploy.0 = Release|x86
		{E5D7494D-3A63-4225-8F3C-B7D57FCBAFE0}.AppStore|Any CPU.ActiveCfg = Release|x86
		{E5D7494D-3A63-4225-8F3C-B7D57FCBAFE0}.AppStore|Any CPU.Build.0 = Release|x86
		{E5D7494D-3A63-4225-8F3C-B7D57FCBAFE0}.AppStore|Any CPU.Deploy.0 = Release|x86
		{E5D7494D-3A63-4225-8F3C-B7D57FCBAFE0}.AppStore|ARM.ActiveCfg = Release|ARM
		{E5D7494D-3A63-4225-8F3C-B7D57FCBAFE0}.AppStore|ARM.Build.0 = Release|ARM
		{E5D7494D-3A63-4225-8F3C-B7D57FCBAFE0}.AppStore|ARM.Deploy.0 = Release|ARM
		{E5D7494D-3A63-4225-8F3C-B7D57FCBAFE0}.AppStore|iPhone.ActiveCfg = Release|x86
		{E5D7494D-3A63-4225-8F3C-B7D57FCBAFE0}.AppStore|iPhone.Build.0 = Release|x86
		{E5D7494D-3A63-4225-8F3C-B7D57FCBAFE0}.AppStore|iPhone.Deploy.0 = Release|x86
		{E5D7494D-3A63-4225-8F3C-B7D57FCBAFE0}.AppStore|iPhoneSimulator.ActiveCfg = Release|x86
		{E5D7494D-3A63-4225-8F3C-B7D57FCBAFE0}.AppStore|iPhoneSimulator.Build.0 = Release|x86
		{E5D7494D-3A63-4225-8F3C-B7D57FCBAFE0}.AppStore|iPhoneSimulator.Deploy.0 = Release|x86
		{E5D7494D-3A63-4225-8F3C-B7D57FCBAFE0}.AppStore|x64.ActiveCfg = Release|x64
		{E5D7494D-3A63-4225-8F3C-B7D57FCBAFE0}.AppStore|x64.Build.0 = Release|x64
		{E5D7494D-3A63-4225-8F3C-B7D57FCBAFE0}.AppStore|x64.Deploy.0 = Release|x64
		{E5D7494D-3A63-4225-8F3C-B7D57FCBAFE0}.AppStore|x86.ActiveCfg = Release|x86
		{E5D7494D-3A63-4225-8F3C-B7D57FCBAFE0}.AppStore|x86.Build.0 = Release|x86
		{E5D7494D-3A63-4225-8F3C-B7D57FCBAFE0}.AppStore|x86.Deploy.0 = Release|x86
		{E5D7494D-3A63-4225-8F3C-B7D57FCBAFE0}.Debug|Any CPU.ActiveCfg = Debug|x86
		{E5D7494D-3A63-4225-8F3C-B7D57FCBAFE0}.Debug|ARM.ActiveCfg = Debug|ARM
		{E5D7494D-3A63-4225-8F3C-B7D57FCBAFE0}.Debug|ARM.Build.0 = Debug|ARM
		{E5D7494D-3A63-4225-8F3C-B7D57FCBAFE0}.Debug|ARM.Deploy.0 = Debug|ARM
		{E5D7494D-3A63-4225-8F3C-B7D57FCBAFE0}.Debug|iPhone.ActiveCfg = Debug|x86
		{E5D7494D-3A63-4225-8F3C-B7D57FCBAFE0}.Debug|iPhoneSimulator.ActiveCfg = Debug|x86
		{E5D7494D-3A63-4225-8F3C-B7D57FCBAFE0}.Debug|x64.ActiveCfg = Debug|x64
		{E5D7494D-3A63-4225-8F3C-B7D57FCBAFE0}.Debug|x64.Build.0 = Debug|x64
		{E5D7494D-3A63-4225-8F3C-B7D57FCBAFE0}.Debug|x64.Deploy.0 = Debug|x64
		{E5D7494D-3A63-4225-8F3C-B7D57FCBAFE0}.Debug|x86.ActiveCfg = Debug|x86
		{E5D7494D-3A63-4225-8F3C-B7D57FCBAFE0}.Debug|x86.Build.0 = Debug|x86
		{E5D7494D-3A63-4225-8F3C-B7D57FCBAFE0}.Debug|x86.Deploy.0 = Debug|x86
		{E5D7494D-3A63-4225-8F3C-B7D57FCBAFE0}.Release|Any CPU.ActiveCfg = Release|x86
		{E5D7494D-3A63-4225-8F3C-B7D57FCBAFE0}.Release|ARM.ActiveCfg = Release|ARM
		{E5D7494D-3A63-4225-8F3C-B7D57FCBAFE0}.Release|ARM.Build.0 = Release|ARM
		{E5D7494D-3A63-4225-8F3C-B7D57FCBAFE0}.Release|ARM.Deploy.0 = Release|ARM
		{E5D7494D-3A63-4225-8F3C-B7D57FCBAFE0}.Release|iPhone.ActiveCfg = Release|x86
		{E5D7494D-3A63-4225-8F3C-B7D57FCBAFE0}.Release|iPhoneSimulator.ActiveCfg = Release|x86
		{E5D7494D-3A63-4225-8F3C-B7D57FCBAFE0}.Release|x64.ActiveCfg = Release|x64
		{E5D7494D-3A63-4225-8F3C-B7D57FCBAFE0}.Release|x64.Build.0 = Release|x64
		{E5D7494D-3A63-4225-8F3C-B7D57FCBAFE0}.Release|x64.Deploy.0 = Release|x64
		{E5D7494D-3A63-4225-8F3C-B7D57FCBAFE0}.Release|x86.ActiveCfg = Release|x86
		{E5D7494D-3A63-4225-8F3C-B7D57FCBAFE0}.Release|x86.Build.0 = Release|x86
		{E5D7494D-3A63-4225-8F3C-B7D57FCBAFE0}.Release|x86.Deploy.0 = Release|x86
		{D3B2F0D9-7B62-414A-99E2-40E720086E33}.Ad-Hoc|Any CPU.ActiveCfg = Ad-Hoc|iPhone
		{D3B2F0D9-7B62-414A-99E2-40E720086E33}.Ad-Hoc|ARM.ActiveCfg = Ad-Hoc|iPhone
		{D3B2F0D9-7B62-414A-99E2-40E720086E33}.Ad-Hoc|iPhone.ActiveCfg = Ad-Hoc|iPhone
		{D3B2F0D9-7B62-414A-99E2-40E720086E33}.Ad-Hoc|iPhone.Build.0 = Ad-Hoc|iPhone
		{D3B2F0D9-7B62-414A-99E2-40E720086E33}.Ad-Hoc|iPhoneSimulator.ActiveCfg = Ad-Hoc|iPhoneSimulator
		{D3B2F0D9-7B62-414A-99E2-40E720086E33}.Ad-Hoc|iPhoneSimulator.Build.0 = Ad-Hoc|iPhoneSimulator
		{D3B2F0D9-7B62-414A-99E2-40E720086E33}.Ad-Hoc|x64.ActiveCfg = Ad-Hoc|iPhone
		{D3B2F0D9-7B62-414A-99E2-40E720086E33}.Ad-Hoc|x86.ActiveCfg = Ad-Hoc|iPhone
		{D3B2F0D9-7B62-414A-99E2-40E720086E33}.AppStore|Any CPU.ActiveCfg = AppStore|iPhone
		{D3B2F0D9-7B62-414A-99E2-40E720086E33}.AppStore|ARM.ActiveCfg = AppStore|iPhone
		{D3B2F0D9-7B62-414A-99E2-40E720086E33}.AppStore|iPhone.ActiveCfg = AppStore|iPhone
		{D3B2F0D9-7B62-414A-99E2-40E720086E33}.AppStore|iPhone.Build.0 = AppStore|iPhone
		{D3B2F0D9-7B62-414A-99E2-40E720086E33}.AppStore|iPhoneSimulator.ActiveCfg = AppStore|iPhoneSimulator
		{D3B2F0D9-7B62-414A-99E2-40E720086E33}.AppStore|iPhoneSimulator.Build.0 = AppStore|iPhoneSimulator
		{D3B2F0D9-7B62-414A-99E2-40E720086E33}.AppStore|x64.ActiveCfg = AppStore|iPhone
		{D3B2F0D9-7B62-414A-99E2-40E720086E33}.AppStore|x86.ActiveCfg = AppStore|iPhone
		{D3B2F0D9-7B62-414A-99E2-40E720086E33}.Debug|Any CPU.ActiveCfg = Debug|iPhone
		{D3B2F0D9-7B62-414A-99E2-40E720086E33}.Debug|ARM.ActiveCfg = Debug|iPhone
		{D3B2F0D9-7B62-414A-99E2-40E720086E33}.Debug|iPhone.ActiveCfg = Debug|iPhone
		{D3B2F0D9-7B62-414A-99E2-40E720086E33}.Debug|iPhone.Build.0 = Debug|iPhone
		{D3B2F0D9-7B62-414A-99E2-40E720086E33}.Debug|iPhoneSimulator.ActiveCfg = Debug|iPhoneSimulator
		{D3B2F0D9-7B62-414A-99E2-40E720086E33}.Debug|iPhoneSimulator.Build.0 = Debug|iPhoneSimulator
		{D3B2F0D9-7B62-414A-99E2-40E720086E33}.Debug|x64.ActiveCfg = Debug|iPhone
		{D3B2F0D9-7B62-414A-99E2-40E720086E33}.Debug|x86.ActiveCfg = Debug|iPhone
		{D3B2F0D9-7B62-414A-99E2-40E720086E33}.Release|Any CPU.ActiveCfg = Release|iPhone
		{D3B2F0D9-7B62-414A-99E2-40E720086E33}.Release|ARM.ActiveCfg = Release|iPhone
		{D3B2F0D9-7B62-414A-99E2-40E720086E33}.Release|iPhone.ActiveCfg = Release|iPhone
		{D3B2F0D9-7B62-414A-99E2-40E720086E33}.Release|iPhone.Build.0 = Release|iPhone
		{D3B2F0D9-7B62-414A-99E2-40E720086E33}.Release|iPhoneSimulator.ActiveCfg = Release|iPhoneSimulator
		{D3B2F0D9-7B62-414A-99E2-40E720086E33}.Release|iPhoneSimulator.Build.0 = Release|iPhoneSimulator
		{D3B2F0D9-7B62-414A-99E2-40E720086E33}.Release|x64.ActiveCfg = Release|iPhone
		{D3B2F0D9-7B62-414A-99E2-40E720086E33}.Release|x86.ActiveCfg = Release|iPhone
	EndGlobalSection
	GlobalSection(SolutionProperties) = preSolution
		HideSolutionNode = FALSE
	EndGlobalSection
	GlobalSection(ExtensibilityGlobals) = postSolution
		SolutionGuid = {D26BC600-CB7B-4C22-94AB-12F83C942628}
	EndGlobalSection
EndGlobal
